
Microsoft Visual Studio Solution File, Format Version 12.00
# Visual Studio Version 16
VisualStudioVersion = 16.0.29519.87
MinimumVisualStudioVersion = 10.0.40219.1
Project("{8BC9CEB8-8B4A-11D0-8D11-00A0C91BC942}") = "SFML_TEMPLATE9", "SFML_TEMPLATE9.vcxproj", "{A3267D86-0407-4AD7-8EF4-7ED4D4D66A54}"
EndProject
Global
	GlobalSection(SolutionConfigurationPlatforms) = preSolution
		Debug|x64 = Debug|x64
		Debug|x86 = Debug|x86
		Release|x64 = Release|x64
		Release|x86 = Release|x86
	EndGlobalSection
	GlobalSection(ProjectConfigurationPlatforms) = postSolution
		{A3267D86-0407-4AD7-8EF4-7ED4D4D66A54}.Debug|x64.ActiveCfg = Debug|x64
		{A3267D86-0407-4AD7-8EF4-7ED4D4D66A54}.Debug|x64.Build.0 = Debug|x64
		{A3267D86-0407-4AD7-8EF4-7ED4D4D66A54}.Debug|x86.ActiveCfg = Debug|Win32
		{A3267D86-0407-4AD7-8EF4-7ED4D4D66A54}.Debug|x86.Build.0 = Debug|Win32
		{A3267D86-0407-4AD7-8EF4-7ED4D4D66A54}.Release|x64.ActiveCfg = Release|x64
		{A3267D86-0407-4AD7-8EF4-7ED4D4D66A54}.Release|x64.Build.0 = Release|x64
		{A3267D86-0407-4AD7-8EF4-7ED4D4D66A54}.Release|x86.ActiveCfg = Release|Win32
		{A3267D86-0407-4AD7-8EF4-7ED4D4D66A54}.Release|x86.Build.0 = Release|Win32
	EndGlobalSection
	GlobalSection(SolutionProperties) = preSolution
		HideSolutionNode = FALSE
	EndGlobalSection
	GlobalSection(ExtensibilityGlobals) = postSolution
		SolutionGuid = {76093DD3-A3AF-4752-988F-C86042AE6207}
	EndGlobalSection
EndGlobal
